
Microsoft Visual Studio Solution File, Format Version 12.00
Project("{FAE04EC0-301F-11D3-BF4B-00C04F79EFBC}") = "Tickets.Host", "Tickets.Host\Tickets.Host.csproj", "{1566BFD1-0676-4EAC-AB37-A9BB4F305DFC}"
EndProject
Project("{2150E333-8FDC-42A3-9474-1A3956D46DE8}") = "Tickets", "Tickets", "{01FD3DA5-8525-4486-9616-7EF2993489D6}"
EndProject
Project("{2150E333-8FDC-42A3-9474-1A3956D46DE8}") = "Accounts", "Accounts", "{2A0400E6-2D5E-4EBB-B6BE-3904AE4359AE}"
EndProject
Project("{2150E333-8FDC-42A3-9474-1A3956D46DE8}") = "Clients", "Clients", "{76D8CCD3-63B4-4490-A151-B026F3DD3FB7}"
EndProject
Project("{2150E333-8FDC-42A3-9474-1A3956D46DE8}") = "Tariffs", "Tariffs", "{45F9428B-8339-4B2F-A341-3DF24EEC0138}"
EndProject
Project("{FAE04EC0-301F-11D3-BF4B-00C04F79EFBC}") = "Accounts.Host", "Accounts.Host\Accounts.Host.csproj", "{AE6CCFA7-C4ED-4903-AF25-161DAE2FADC5}"
EndProject
Project("{FAE04EC0-301F-11D3-BF4B-00C04F79EFBC}") = "Clients.Host", "Clients.Host\Clients.Host.csproj", "{3D34E31D-3924-4673-801C-67519F6AB69F}"
EndProject
Project("{FAE04EC0-301F-11D3-BF4B-00C04F79EFBC}") = "Tariffs.Host", "Tariffs.Host\Tariffs.Host.csproj", "{A274A6EE-D71F-4A2A-82EE-99FAE6CCE178}"
EndProject
Project("{2150E333-8FDC-42A3-9474-1A3956D46DE8}") = "SolutionItems", "SolutionItems", "{F6C96F07-C4EE-4525-8622-7584CFFC2C6F}"
	ProjectSection(SolutionItems) = preProject
		Plan.md = Plan.md
		docker-compose.yml = docker-compose.yml
	EndProjectSection
EndProject
Project("{2150E333-8FDC-42A3-9474-1A3956D46DE8}") = "Application", "Application", "{9DDE9762-6740-4968-A1A2-533ED95DDBCF}"
EndProject
Project("{2150E333-8FDC-42A3-9474-1A3956D46DE8}") = "Domain", "Domain", "{46BC2E79-4041-4737-88B1-5565EA48D372}"
EndProject
Project("{2150E333-8FDC-42A3-9474-1A3956D46DE8}") = "Infrastructure", "Infrastructure", "{69CB41BE-EF6C-43CB-BF1B-5502E6594786}"
EndProject
Project("{2150E333-8FDC-42A3-9474-1A3956D46DE8}") = "Application", "Application", "{805D855A-B5F5-4FEC-9BA8-BB21DEE21C0E}"
EndProject
Project("{2150E333-8FDC-42A3-9474-1A3956D46DE8}") = "Domain", "Domain", "{436512FE-FA7E-4773-9DFC-E4FCA9E57214}"
EndProject
Project("{2150E333-8FDC-42A3-9474-1A3956D46DE8}") = "Infrastructure", "Infrastructure", "{E4027F6E-D05D-4753-A7FB-097FCB5F088B}"
EndProject
Project("{2150E333-8FDC-42A3-9474-1A3956D46DE8}") = "Application", "Application", "{5C4CB920-CE14-4251-9E83-51CCFECD9FE5}"
EndProject
Project("{2150E333-8FDC-42A3-9474-1A3956D46DE8}") = "Domain", "Domain", "{E75A68B5-AFF8-4B57-8821-8CF0AB02D867}"
EndProject
Project("{2150E333-8FDC-42A3-9474-1A3956D46DE8}") = "Infrastructure", "Infrastructure", "{CE3DD5F5-03D5-47CF-AC54-93CDBEDDCDE7}"
EndProject
Project("{2150E333-8FDC-42A3-9474-1A3956D46DE8}") = "Application", "Application", "{7B6A827C-1E43-42D8-B785-BE8E8E8EF2FD}"
EndProject
Project("{2150E333-8FDC-42A3-9474-1A3956D46DE8}") = "Domain", "Domain", "{5A8D2520-CF08-4AAE-88AE-C4192CAFC831}"
EndProject
Project("{2150E333-8FDC-42A3-9474-1A3956D46DE8}") = "Infrastructure", "Infrastructure", "{6DB42BD4-AB57-48DE-9155-DB6D1D707E3B}"
EndProject
Project("{FAE04EC0-301F-11D3-BF4B-00C04F79EFBC}") = "Accounts.Application.Models", "Accounts.Application.Models\Accounts.Application.Models.csproj", "{BB944C10-BD6E-449F-9FA8-7147F9E178E4}"
EndProject
Project("{FAE04EC0-301F-11D3-BF4B-00C04F79EFBC}") = "Accounts.Application.Services", "Accounts.Application.Services\Accounts.Application.Services.csproj", "{0013526A-2716-4FAE-9DEC-C1C60629C79F}"
EndProject
Project("{FAE04EC0-301F-11D3-BF4B-00C04F79EFBC}") = "Accounts.Application.Services.Abstractions", "Accounts.Application.Services.Abstractions\Accounts.Application.Services.Abstractions.csproj", "{E8395A2C-B98E-4E77-BAC5-D0017E547BD4}"
EndProject
Project("{FAE04EC0-301F-11D3-BF4B-00C04F79EFBC}") = "Accounts.Domain.Models", "Accounts.Domain.Models\Accounts.Domain.Models.csproj", "{6E520B6D-4F27-4ED9-8136-898AF29DF3F7}"
EndProject
Project("{FAE04EC0-301F-11D3-BF4B-00C04F79EFBC}") = "Accounts.Domain.Services", "Accounts.Domain.Services\Accounts.Domain.Services.csproj", "{31CA6175-2657-4BE7-B7D7-99926D554625}"
EndProject
Project("{FAE04EC0-301F-11D3-BF4B-00C04F79EFBC}") = "Accounts.Domain.Services.Abstractions", "Accounts.Domain.Services.Abstractions\Accounts.Domain.Services.Abstractions.csproj", "{2B90655E-25A2-46D7-B14D-292500C17FA7}"
EndProject
Project("{FAE04EC0-301F-11D3-BF4B-00C04F79EFBC}") = "Accounts.Api.Controllers", "Accounts.Api.Controllers\Accounts.Api.Controllers.csproj", "{FC27410B-4A6B-4B0A-8667-290872A86608}"
EndProject
Project("{FAE04EC0-301F-11D3-BF4B-00C04F79EFBC}") = "Accounts.Persistence.Postgres", "Accounts.Persistence.Postgres\Accounts.Persistence.Postgres.csproj", "{13E28CE8-063F-4D35-838C-EA5811AD4F57}"
EndProject
Project("{FAE04EC0-301F-11D3-BF4B-00C04F79EFBC}") = "Clients.Application.Models", "Clients.Application.Models\Clients.Application.Models.csproj", "{2575010A-23CB-46AC-B81C-CA46E441A13D}"
EndProject
Project("{FAE04EC0-301F-11D3-BF4B-00C04F79EFBC}") = "Clients.Application.Services", "Clients.Application.Services\Clients.Application.Services.csproj", "{48F50E0B-6CA5-4162-8254-9932C3D10214}"
EndProject
Project("{FAE04EC0-301F-11D3-BF4B-00C04F79EFBC}") = "Clients.Application.Services.Abstractions", "Clients.Application.Services.Abstractions\Clients.Application.Services.Abstractions.csproj", "{74131B5D-B992-449E-91B4-9826ACABAFF1}"
EndProject
Project("{FAE04EC0-301F-11D3-BF4B-00C04F79EFBC}") = "Clients.Domain.Models", "Clients.Domain.Models\Clients.Domain.Models.csproj", "{373BF11B-9EFE-49E5-8F28-8A2F91E457DA}"
EndProject
Project("{FAE04EC0-301F-11D3-BF4B-00C04F79EFBC}") = "Clients.Domain.Services", "Clients.Domain.Services\Clients.Domain.Services.csproj", "{381616E3-4ABC-418D-A3A5-D2333430DC20}"
EndProject
Project("{FAE04EC0-301F-11D3-BF4B-00C04F79EFBC}") = "Clients.Domain.Services.Abstractions", "Clients.Domain.Services.Abstractions\Clients.Domain.Services.Abstractions.csproj", "{001C6BEF-A12C-4C73-8772-62A33F7FB417}"
EndProject
Project("{FAE04EC0-301F-11D3-BF4B-00C04F79EFBC}") = "Clients.Api.Controllers", "Clients.Api.Controllers\Clients.Api.Controllers.csproj", "{394D3B29-D955-4F08-A97A-B2E7AF946B03}"
EndProject
Project("{FAE04EC0-301F-11D3-BF4B-00C04F79EFBC}") = "Clients.Persistence.Postgres", "Clients.Persistence.Postgres\Clients.Persistence.Postgres.csproj", "{4A8F36FB-0F36-4336-8119-DFF933F2ED4B}"
EndProject
Project("{FAE04EC0-301F-11D3-BF4B-00C04F79EFBC}") = "Tariffs.Application.Models", "Tariffs.Application.Models\Tariffs.Application.Models.csproj", "{08313B2A-E2B3-4D72-A240-194DE3B81AE5}"
EndProject
Project("{FAE04EC0-301F-11D3-BF4B-00C04F79EFBC}") = "Tariffs.Application.Services", "Tariffs.Application.Services\Tariffs.Application.Services.csproj", "{AE3B1F98-3134-4FF9-9B5E-4CC32C316A01}"
EndProject
Project("{FAE04EC0-301F-11D3-BF4B-00C04F79EFBC}") = "Tariffs.Application.Services.Abstractions", "Tariffs.Application.Services.Abstractions\Tariffs.Application.Services.Abstractions.csproj", "{89D9DF72-A45B-4640-B154-BF143D970291}"
EndProject
Project("{FAE04EC0-301F-11D3-BF4B-00C04F79EFBC}") = "Tariffs.Domain.Models", "Tariffs.Domain.Models\Tariffs.Domain.Models.csproj", "{9D7962FF-7F56-4633-AB50-E7B6FCA11EC3}"
EndProject
Project("{FAE04EC0-301F-11D3-BF4B-00C04F79EFBC}") = "Tariffs.Domain.Services", "Tariffs.Domain.Services\Tariffs.Domain.Services.csproj", "{34A57D2D-B8CE-441A-877C-2AB569834780}"
EndProject
Project("{FAE04EC0-301F-11D3-BF4B-00C04F79EFBC}") = "Tariffs.Domain.Services.Abstractions", "Tariffs.Domain.Services.Abstractions\Tariffs.Domain.Services.Abstractions.csproj", "{09DD26A9-2B74-42C8-AC8D-6694F0E8B7F3}"
EndProject
Project("{FAE04EC0-301F-11D3-BF4B-00C04F79EFBC}") = "Tariffs.Api.Controllers", "Tariffs.Api.Controllers\Tariffs.Api.Controllers.csproj", "{7E0721AB-452C-4C0F-B22F-21931AB76450}"
EndProject
Project("{FAE04EC0-301F-11D3-BF4B-00C04F79EFBC}") = "Tariffs.Persistence.Postgres", "Tariffs.Persistence.Postgres\Tariffs.Persistence.Postgres.csproj", "{392C0420-A20C-47AF-BE56-E524B50D7EF2}"
EndProject
Project("{FAE04EC0-301F-11D3-BF4B-00C04F79EFBC}") = "Tickets.Application.Models", "Tickets.Application.Models\Tickets.Application.Models.csproj", "{102AEDD1-EEE6-46B6-B02A-EE3E84EB6DB6}"
EndProject
Project("{FAE04EC0-301F-11D3-BF4B-00C04F79EFBC}") = "Tickets.Application.Services", "Tickets.Application.Services\Tickets.Application.Services.csproj", "{9ACCA9D8-5444-4C28-A971-5029685615E1}"
EndProject
Project("{FAE04EC0-301F-11D3-BF4B-00C04F79EFBC}") = "Tickets.Application.Services.Abstractions", "Tickets.Application.Services.Abstractions\Tickets.Application.Services.Abstractions.csproj", "{0D922F8D-B52A-4406-89E4-6FA96F517399}"
EndProject
Project("{FAE04EC0-301F-11D3-BF4B-00C04F79EFBC}") = "Tickets.Domain.Models", "Tickets.Domain.Models\Tickets.Domain.Models.csproj", "{C1A379D7-8A12-477E-8490-A62EA6DC65F1}"
EndProject
Project("{FAE04EC0-301F-11D3-BF4B-00C04F79EFBC}") = "Tickets.Domain.Services", "Tickets.Domain.Services\Tickets.Domain.Services.csproj", "{9106EE59-579F-4127-A375-0B60E8834C25}"
EndProject
Project("{FAE04EC0-301F-11D3-BF4B-00C04F79EFBC}") = "Tickets.Domain.Services.Abstractions", "Tickets.Domain.Services.Abstractions\Tickets.Domain.Services.Abstractions.csproj", "{4022E6E6-8C76-462D-A9CF-F8BCE1844DB2}"
EndProject
Project("{FAE04EC0-301F-11D3-BF4B-00C04F79EFBC}") = "Tickets.Api.Controllers", "Tickets.Api.Controllers\Tickets.Api.Controllers.csproj", "{5D22C316-451F-4E41-B4AC-EAB567DC0921}"
EndProject
Project("{FAE04EC0-301F-11D3-BF4B-00C04F79EFBC}") = "Tickets.Persistence.Postgres", "Tickets.Persistence.Postgres\Tickets.Persistence.Postgres.csproj", "{D3337394-9AEF-4D44-8F98-FC8CF005B364}"
EndProject
Project("{FAE04EC0-301F-11D3-BF4B-00C04F79EFBC}") = "Tickets.Integrations.Accounts", "Tickets.Integrations.Accounts\Tickets.Integrations.Accounts.csproj", "{3234864E-7508-4821-A5AA-7EECF68C08E2}"
EndProject
Project("{FAE04EC0-301F-11D3-BF4B-00C04F79EFBC}") = "Tickets.Integrations.Clients", "Tickets.Integrations.Clients\Tickets.Integrations.Clients.csproj", "{0FDA0322-B36D-4F5C-B326-BEFCC282DB1A}"
EndProject
Project("{FAE04EC0-301F-11D3-BF4B-00C04F79EFBC}") = "Tickets.Integrations.Tariffs", "Tickets.Integrations.Tariffs\Tickets.Integrations.Tariffs.csproj", "{F56EFE26-3536-4685-A619-72D9251D7702}"
EndProject
Global
	GlobalSection(SolutionConfigurationPlatforms) = preSolution
		Debug|Any CPU = Debug|Any CPU
		Release|Any CPU = Release|Any CPU
	EndGlobalSection
	GlobalSection(ProjectConfigurationPlatforms) = postSolution
		{1566BFD1-0676-4EAC-AB37-A9BB4F305DFC}.Debug|Any CPU.ActiveCfg = Debug|Any CPU
		{1566BFD1-0676-4EAC-AB37-A9BB4F305DFC}.Debug|Any CPU.Build.0 = Debug|Any CPU
		{1566BFD1-0676-4EAC-AB37-A9BB4F305DFC}.Release|Any CPU.ActiveCfg = Release|Any CPU
		{1566BFD1-0676-4EAC-AB37-A9BB4F305DFC}.Release|Any CPU.Build.0 = Release|Any CPU
		{AE6CCFA7-C4ED-4903-AF25-161DAE2FADC5}.Debug|Any CPU.ActiveCfg = Debug|Any CPU
		{AE6CCFA7-C4ED-4903-AF25-161DAE2FADC5}.Debug|Any CPU.Build.0 = Debug|Any CPU
		{AE6CCFA7-C4ED-4903-AF25-161DAE2FADC5}.Release|Any CPU.ActiveCfg = Release|Any CPU
		{AE6CCFA7-C4ED-4903-AF25-161DAE2FADC5}.Release|Any CPU.Build.0 = Release|Any CPU
		{3D34E31D-3924-4673-801C-67519F6AB69F}.Debug|Any CPU.ActiveCfg = Debug|Any CPU
		{3D34E31D-3924-4673-801C-67519F6AB69F}.Debug|Any CPU.Build.0 = Debug|Any CPU
		{3D34E31D-3924-4673-801C-67519F6AB69F}.Release|Any CPU.ActiveCfg = Release|Any CPU
		{3D34E31D-3924-4673-801C-67519F6AB69F}.Release|Any CPU.Build.0 = Release|Any CPU
		{A274A6EE-D71F-4A2A-82EE-99FAE6CCE178}.Debug|Any CPU.ActiveCfg = Debug|Any CPU
		{A274A6EE-D71F-4A2A-82EE-99FAE6CCE178}.Debug|Any CPU.Build.0 = Debug|Any CPU
		{A274A6EE-D71F-4A2A-82EE-99FAE6CCE178}.Release|Any CPU.ActiveCfg = Release|Any CPU
		{A274A6EE-D71F-4A2A-82EE-99FAE6CCE178}.Release|Any CPU.Build.0 = Release|Any CPU
		{BB944C10-BD6E-449F-9FA8-7147F9E178E4}.Debug|Any CPU.ActiveCfg = Debug|Any CPU
		{BB944C10-BD6E-449F-9FA8-7147F9E178E4}.Debug|Any CPU.Build.0 = Debug|Any CPU
		{BB944C10-BD6E-449F-9FA8-7147F9E178E4}.Release|Any CPU.ActiveCfg = Release|Any CPU
		{BB944C10-BD6E-449F-9FA8-7147F9E178E4}.Release|Any CPU.Build.0 = Release|Any CPU
		{0013526A-2716-4FAE-9DEC-C1C60629C79F}.Debug|Any CPU.ActiveCfg = Debug|Any CPU
		{0013526A-2716-4FAE-9DEC-C1C60629C79F}.Debug|Any CPU.Build.0 = Debug|Any CPU
		{0013526A-2716-4FAE-9DEC-C1C60629C79F}.Release|Any CPU.ActiveCfg = Release|Any CPU
		{0013526A-2716-4FAE-9DEC-C1C60629C79F}.Release|Any CPU.Build.0 = Release|Any CPU
		{E8395A2C-B98E-4E77-BAC5-D0017E547BD4}.Debug|Any CPU.ActiveCfg = Debug|Any CPU
		{E8395A2C-B98E-4E77-BAC5-D0017E547BD4}.Debug|Any CPU.Build.0 = Debug|Any CPU
		{E8395A2C-B98E-4E77-BAC5-D0017E547BD4}.Release|Any CPU.ActiveCfg = Release|Any CPU
		{E8395A2C-B98E-4E77-BAC5-D0017E547BD4}.Release|Any CPU.Build.0 = Release|Any CPU
		{6E520B6D-4F27-4ED9-8136-898AF29DF3F7}.Debug|Any CPU.ActiveCfg = Debug|Any CPU
		{6E520B6D-4F27-4ED9-8136-898AF29DF3F7}.Debug|Any CPU.Build.0 = Debug|Any CPU
		{6E520B6D-4F27-4ED9-8136-898AF29DF3F7}.Release|Any CPU.ActiveCfg = Release|Any CPU
		{6E520B6D-4F27-4ED9-8136-898AF29DF3F7}.Release|Any CPU.Build.0 = Release|Any CPU
		{31CA6175-2657-4BE7-B7D7-99926D554625}.Debug|Any CPU.ActiveCfg = Debug|Any CPU
		{31CA6175-2657-4BE7-B7D7-99926D554625}.Debug|Any CPU.Build.0 = Debug|Any CPU
		{31CA6175-2657-4BE7-B7D7-99926D554625}.Release|Any CPU.ActiveCfg = Release|Any CPU
		{31CA6175-2657-4BE7-B7D7-99926D554625}.Release|Any CPU.Build.0 = Release|Any CPU
		{2B90655E-25A2-46D7-B14D-292500C17FA7}.Debug|Any CPU.ActiveCfg = Debug|Any CPU
		{2B90655E-25A2-46D7-B14D-292500C17FA7}.Debug|Any CPU.Build.0 = Debug|Any CPU
		{2B90655E-25A2-46D7-B14D-292500C17FA7}.Release|Any CPU.ActiveCfg = Release|Any CPU
		{2B90655E-25A2-46D7-B14D-292500C17FA7}.Release|Any CPU.Build.0 = Release|Any CPU
		{FC27410B-4A6B-4B0A-8667-290872A86608}.Debug|Any CPU.ActiveCfg = Debug|Any CPU
		{FC27410B-4A6B-4B0A-8667-290872A86608}.Debug|Any CPU.Build.0 = Debug|Any CPU
		{FC27410B-4A6B-4B0A-8667-290872A86608}.Release|Any CPU.ActiveCfg = Release|Any CPU
		{FC27410B-4A6B-4B0A-8667-290872A86608}.Release|Any CPU.Build.0 = Release|Any CPU
		{13E28CE8-063F-4D35-838C-EA5811AD4F57}.Debug|Any CPU.ActiveCfg = Debug|Any CPU
		{13E28CE8-063F-4D35-838C-EA5811AD4F57}.Debug|Any CPU.Build.0 = Debug|Any CPU
		{13E28CE8-063F-4D35-838C-EA5811AD4F57}.Release|Any CPU.ActiveCfg = Release|Any CPU
		{13E28CE8-063F-4D35-838C-EA5811AD4F57}.Release|Any CPU.Build.0 = Release|Any CPU
		{2575010A-23CB-46AC-B81C-CA46E441A13D}.Debug|Any CPU.ActiveCfg = Debug|Any CPU
		{2575010A-23CB-46AC-B81C-CA46E441A13D}.Debug|Any CPU.Build.0 = Debug|Any CPU
		{2575010A-23CB-46AC-B81C-CA46E441A13D}.Release|Any CPU.ActiveCfg = Release|Any CPU
		{2575010A-23CB-46AC-B81C-CA46E441A13D}.Release|Any CPU.Build.0 = Release|Any CPU
		{48F50E0B-6CA5-4162-8254-9932C3D10214}.Debug|Any CPU.ActiveCfg = Debug|Any CPU
		{48F50E0B-6CA5-4162-8254-9932C3D10214}.Debug|Any CPU.Build.0 = Debug|Any CPU
		{48F50E0B-6CA5-4162-8254-9932C3D10214}.Release|Any CPU.ActiveCfg = Release|Any CPU
		{48F50E0B-6CA5-4162-8254-9932C3D10214}.Release|Any CPU.Build.0 = Release|Any CPU
		{74131B5D-B992-449E-91B4-9826ACABAFF1}.Debug|Any CPU.ActiveCfg = Debug|Any CPU
		{74131B5D-B992-449E-91B4-9826ACABAFF1}.Debug|Any CPU.Build.0 = Debug|Any CPU
		{74131B5D-B992-449E-91B4-9826ACABAFF1}.Release|Any CPU.ActiveCfg = Release|Any CPU
		{74131B5D-B992-449E-91B4-9826ACABAFF1}.Release|Any CPU.Build.0 = Release|Any CPU
		{373BF11B-9EFE-49E5-8F28-8A2F91E457DA}.Debug|Any CPU.ActiveCfg = Debug|Any CPU
		{373BF11B-9EFE-49E5-8F28-8A2F91E457DA}.Debug|Any CPU.Build.0 = Debug|Any CPU
		{373BF11B-9EFE-49E5-8F28-8A2F91E457DA}.Release|Any CPU.ActiveCfg = Release|Any CPU
		{373BF11B-9EFE-49E5-8F28-8A2F91E457DA}.Release|Any CPU.Build.0 = Release|Any CPU
		{381616E3-4ABC-418D-A3A5-D2333430DC20}.Debug|Any CPU.ActiveCfg = Debug|Any CPU
		{381616E3-4ABC-418D-A3A5-D2333430DC20}.Debug|Any CPU.Build.0 = Debug|Any CPU
		{381616E3-4ABC-418D-A3A5-D2333430DC20}.Release|Any CPU.ActiveCfg = Release|Any CPU
		{381616E3-4ABC-418D-A3A5-D2333430DC20}.Release|Any CPU.Build.0 = Release|Any CPU
		{001C6BEF-A12C-4C73-8772-62A33F7FB417}.Debug|Any CPU.ActiveCfg = Debug|Any CPU
		{001C6BEF-A12C-4C73-8772-62A33F7FB417}.Debug|Any CPU.Build.0 = Debug|Any CPU
		{001C6BEF-A12C-4C73-8772-62A33F7FB417}.Release|Any CPU.ActiveCfg = Release|Any CPU
		{001C6BEF-A12C-4C73-8772-62A33F7FB417}.Release|Any CPU.Build.0 = Release|Any CPU
		{394D3B29-D955-4F08-A97A-B2E7AF946B03}.Debug|Any CPU.ActiveCfg = Debug|Any CPU
		{394D3B29-D955-4F08-A97A-B2E7AF946B03}.Debug|Any CPU.Build.0 = Debug|Any CPU
		{394D3B29-D955-4F08-A97A-B2E7AF946B03}.Release|Any CPU.ActiveCfg = Release|Any CPU
		{394D3B29-D955-4F08-A97A-B2E7AF946B03}.Release|Any CPU.Build.0 = Release|Any CPU
		{4A8F36FB-0F36-4336-8119-DFF933F2ED4B}.Debug|Any CPU.ActiveCfg = Debug|Any CPU
		{4A8F36FB-0F36-4336-8119-DFF933F2ED4B}.Debug|Any CPU.Build.0 = Debug|Any CPU
		{4A8F36FB-0F36-4336-8119-DFF933F2ED4B}.Release|Any CPU.ActiveCfg = Release|Any CPU
		{4A8F36FB-0F36-4336-8119-DFF933F2ED4B}.Release|Any CPU.Build.0 = Release|Any CPU
		{08313B2A-E2B3-4D72-A240-194DE3B81AE5}.Debug|Any CPU.ActiveCfg = Debug|Any CPU
		{08313B2A-E2B3-4D72-A240-194DE3B81AE5}.Debug|Any CPU.Build.0 = Debug|Any CPU
		{08313B2A-E2B3-4D72-A240-194DE3B81AE5}.Release|Any CPU.ActiveCfg = Release|Any CPU
		{08313B2A-E2B3-4D72-A240-194DE3B81AE5}.Release|Any CPU.Build.0 = Release|Any CPU
		{AE3B1F98-3134-4FF9-9B5E-4CC32C316A01}.Debug|Any CPU.ActiveCfg = Debug|Any CPU
		{AE3B1F98-3134-4FF9-9B5E-4CC32C316A01}.Debug|Any CPU.Build.0 = Debug|Any CPU
		{AE3B1F98-3134-4FF9-9B5E-4CC32C316A01}.Release|Any CPU.ActiveCfg = Release|Any CPU
		{AE3B1F98-3134-4FF9-9B5E-4CC32C316A01}.Release|Any CPU.Build.0 = Release|Any CPU
		{89D9DF72-A45B-4640-B154-BF143D970291}.Debug|Any CPU.ActiveCfg = Debug|Any CPU
		{89D9DF72-A45B-4640-B154-BF143D970291}.Debug|Any CPU.Build.0 = Debug|Any CPU
		{89D9DF72-A45B-4640-B154-BF143D970291}.Release|Any CPU.ActiveCfg = Release|Any CPU
		{89D9DF72-A45B-4640-B154-BF143D970291}.Release|Any CPU.Build.0 = Release|Any CPU
		{9D7962FF-7F56-4633-AB50-E7B6FCA11EC3}.Debug|Any CPU.ActiveCfg = Debug|Any CPU
		{9D7962FF-7F56-4633-AB50-E7B6FCA11EC3}.Debug|Any CPU.Build.0 = Debug|Any CPU
		{9D7962FF-7F56-4633-AB50-E7B6FCA11EC3}.Release|Any CPU.ActiveCfg = Release|Any CPU
		{9D7962FF-7F56-4633-AB50-E7B6FCA11EC3}.Release|Any CPU.Build.0 = Release|Any CPU
		{34A57D2D-B8CE-441A-877C-2AB569834780}.Debug|Any CPU.ActiveCfg = Debug|Any CPU
		{34A57D2D-B8CE-441A-877C-2AB569834780}.Debug|Any CPU.Build.0 = Debug|Any CPU
		{34A57D2D-B8CE-441A-877C-2AB569834780}.Release|Any CPU.ActiveCfg = Release|Any CPU
		{34A57D2D-B8CE-441A-877C-2AB569834780}.Release|Any CPU.Build.0 = Release|Any CPU
		{09DD26A9-2B74-42C8-AC8D-6694F0E8B7F3}.Debug|Any CPU.ActiveCfg = Debug|Any CPU
		{09DD26A9-2B74-42C8-AC8D-6694F0E8B7F3}.Debug|Any CPU.Build.0 = Debug|Any CPU
		{09DD26A9-2B74-42C8-AC8D-6694F0E8B7F3}.Release|Any CPU.ActiveCfg = Release|Any CPU
		{09DD26A9-2B74-42C8-AC8D-6694F0E8B7F3}.Release|Any CPU.Build.0 = Release|Any CPU
		{7E0721AB-452C-4C0F-B22F-21931AB76450}.Debug|Any CPU.ActiveCfg = Debug|Any CPU
		{7E0721AB-452C-4C0F-B22F-21931AB76450}.Debug|Any CPU.Build.0 = Debug|Any CPU
		{7E0721AB-452C-4C0F-B22F-21931AB76450}.Release|Any CPU.ActiveCfg = Release|Any CPU
		{7E0721AB-452C-4C0F-B22F-21931AB76450}.Release|Any CPU.Build.0 = Release|Any CPU
		{392C0420-A20C-47AF-BE56-E524B50D7EF2}.Debug|Any CPU.ActiveCfg = Debug|Any CPU
		{392C0420-A20C-47AF-BE56-E524B50D7EF2}.Debug|Any CPU.Build.0 = Debug|Any CPU
		{392C0420-A20C-47AF-BE56-E524B50D7EF2}.Release|Any CPU.ActiveCfg = Release|Any CPU
		{392C0420-A20C-47AF-BE56-E524B50D7EF2}.Release|Any CPU.Build.0 = Release|Any CPU
		{102AEDD1-EEE6-46B6-B02A-EE3E84EB6DB6}.Debug|Any CPU.ActiveCfg = Debug|Any CPU
		{102AEDD1-EEE6-46B6-B02A-EE3E84EB6DB6}.Debug|Any CPU.Build.0 = Debug|Any CPU
		{102AEDD1-EEE6-46B6-B02A-EE3E84EB6DB6}.Release|Any CPU.ActiveCfg = Release|Any CPU
		{102AEDD1-EEE6-46B6-B02A-EE3E84EB6DB6}.Release|Any CPU.Build.0 = Release|Any CPU
		{9ACCA9D8-5444-4C28-A971-5029685615E1}.Debug|Any CPU.ActiveCfg = Debug|Any CPU
		{9ACCA9D8-5444-4C28-A971-5029685615E1}.Debug|Any CPU.Build.0 = Debug|Any CPU
		{9ACCA9D8-5444-4C28-A971-5029685615E1}.Release|Any CPU.ActiveCfg = Release|Any CPU
		{9ACCA9D8-5444-4C28-A971-5029685615E1}.Release|Any CPU.Build.0 = Release|Any CPU
		{0D922F8D-B52A-4406-89E4-6FA96F517399}.Debug|Any CPU.ActiveCfg = Debug|Any CPU
		{0D922F8D-B52A-4406-89E4-6FA96F517399}.Debug|Any CPU.Build.0 = Debug|Any CPU
		{0D922F8D-B52A-4406-89E4-6FA96F517399}.Release|Any CPU.ActiveCfg = Release|Any CPU
		{0D922F8D-B52A-4406-89E4-6FA96F517399}.Release|Any CPU.Build.0 = Release|Any CPU
		{C1A379D7-8A12-477E-8490-A62EA6DC65F1}.Debug|Any CPU.ActiveCfg = Debug|Any CPU
		{C1A379D7-8A12-477E-8490-A62EA6DC65F1}.Debug|Any CPU.Build.0 = Debug|Any CPU
		{C1A379D7-8A12-477E-8490-A62EA6DC65F1}.Release|Any CPU.ActiveCfg = Release|Any CPU
		{C1A379D7-8A12-477E-8490-A62EA6DC65F1}.Release|Any CPU.Build.0 = Release|Any CPU
		{9106EE59-579F-4127-A375-0B60E8834C25}.Debug|Any CPU.ActiveCfg = Debug|Any CPU
		{9106EE59-579F-4127-A375-0B60E8834C25}.Debug|Any CPU.Build.0 = Debug|Any CPU
		{9106EE59-579F-4127-A375-0B60E8834C25}.Release|Any CPU.ActiveCfg = Release|Any CPU
		{9106EE59-579F-4127-A375-0B60E8834C25}.Release|Any CPU.Build.0 = Release|Any CPU
		{4022E6E6-8C76-462D-A9CF-F8BCE1844DB2}.Debug|Any CPU.ActiveCfg = Debug|Any CPU
		{4022E6E6-8C76-462D-A9CF-F8BCE1844DB2}.Debug|Any CPU.Build.0 = Debug|Any CPU
		{4022E6E6-8C76-462D-A9CF-F8BCE1844DB2}.Release|Any CPU.ActiveCfg = Release|Any CPU
		{4022E6E6-8C76-462D-A9CF-F8BCE1844DB2}.Release|Any CPU.Build.0 = Release|Any CPU
		{5D22C316-451F-4E41-B4AC-EAB567DC0921}.Debug|Any CPU.ActiveCfg = Debug|Any CPU
		{5D22C316-451F-4E41-B4AC-EAB567DC0921}.Debug|Any CPU.Build.0 = Debug|Any CPU
		{5D22C316-451F-4E41-B4AC-EAB567DC0921}.Release|Any CPU.ActiveCfg = Release|Any CPU
		{5D22C316-451F-4E41-B4AC-EAB567DC0921}.Release|Any CPU.Build.0 = Release|Any CPU
		{D3337394-9AEF-4D44-8F98-FC8CF005B364}.Debug|Any CPU.ActiveCfg = Debug|Any CPU
		{D3337394-9AEF-4D44-8F98-FC8CF005B364}.Debug|Any CPU.Build.0 = Debug|Any CPU
		{D3337394-9AEF-4D44-8F98-FC8CF005B364}.Release|Any CPU.ActiveCfg = Release|Any CPU
		{D3337394-9AEF-4D44-8F98-FC8CF005B364}.Release|Any CPU.Build.0 = Release|Any CPU
		{3234864E-7508-4821-A5AA-7EECF68C08E2}.Debug|Any CPU.ActiveCfg = Debug|Any CPU
		{3234864E-7508-4821-A5AA-7EECF68C08E2}.Debug|Any CPU.Build.0 = Debug|Any CPU
		{3234864E-7508-4821-A5AA-7EECF68C08E2}.Release|Any CPU.ActiveCfg = Release|Any CPU
		{3234864E-7508-4821-A5AA-7EECF68C08E2}.Release|Any CPU.Build.0 = Release|Any CPU
		{0FDA0322-B36D-4F5C-B326-BEFCC282DB1A}.Debug|Any CPU.ActiveCfg = Debug|Any CPU
		{0FDA0322-B36D-4F5C-B326-BEFCC282DB1A}.Debug|Any CPU.Build.0 = Debug|Any CPU
		{0FDA0322-B36D-4F5C-B326-BEFCC282DB1A}.Release|Any CPU.ActiveCfg = Release|Any CPU
		{0FDA0322-B36D-4F5C-B326-BEFCC282DB1A}.Release|Any CPU.Build.0 = Release|Any CPU
		{F56EFE26-3536-4685-A619-72D9251D7702}.Debug|Any CPU.ActiveCfg = Debug|Any CPU
		{F56EFE26-3536-4685-A619-72D9251D7702}.Debug|Any CPU.Build.0 = Debug|Any CPU
		{F56EFE26-3536-4685-A619-72D9251D7702}.Release|Any CPU.ActiveCfg = Release|Any CPU
		{F56EFE26-3536-4685-A619-72D9251D7702}.Release|Any CPU.Build.0 = Release|Any CPU
	EndGlobalSection
	GlobalSection(NestedProjects) = preSolution
		{1566BFD1-0676-4EAC-AB37-A9BB4F305DFC} = {01FD3DA5-8525-4486-9616-7EF2993489D6}
		{AE6CCFA7-C4ED-4903-AF25-161DAE2FADC5} = {2A0400E6-2D5E-4EBB-B6BE-3904AE4359AE}
		{3D34E31D-3924-4673-801C-67519F6AB69F} = {76D8CCD3-63B4-4490-A151-B026F3DD3FB7}
		{A274A6EE-D71F-4A2A-82EE-99FAE6CCE178} = {45F9428B-8339-4B2F-A341-3DF24EEC0138}
		{9DDE9762-6740-4968-A1A2-533ED95DDBCF} = {2A0400E6-2D5E-4EBB-B6BE-3904AE4359AE}
		{46BC2E79-4041-4737-88B1-5565EA48D372} = {2A0400E6-2D5E-4EBB-B6BE-3904AE4359AE}
		{69CB41BE-EF6C-43CB-BF1B-5502E6594786} = {2A0400E6-2D5E-4EBB-B6BE-3904AE4359AE}
		{805D855A-B5F5-4FEC-9BA8-BB21DEE21C0E} = {76D8CCD3-63B4-4490-A151-B026F3DD3FB7}
		{436512FE-FA7E-4773-9DFC-E4FCA9E57214} = {76D8CCD3-63B4-4490-A151-B026F3DD3FB7}
		{E4027F6E-D05D-4753-A7FB-097FCB5F088B} = {76D8CCD3-63B4-4490-A151-B026F3DD3FB7}
		{5C4CB920-CE14-4251-9E83-51CCFECD9FE5} = {45F9428B-8339-4B2F-A341-3DF24EEC0138}
		{E75A68B5-AFF8-4B57-8821-8CF0AB02D867} = {45F9428B-8339-4B2F-A341-3DF24EEC0138}
		{CE3DD5F5-03D5-47CF-AC54-93CDBEDDCDE7} = {45F9428B-8339-4B2F-A341-3DF24EEC0138}
		{7B6A827C-1E43-42D8-B785-BE8E8E8EF2FD} = {01FD3DA5-8525-4486-9616-7EF2993489D6}
		{5A8D2520-CF08-4AAE-88AE-C4192CAFC831} = {01FD3DA5-8525-4486-9616-7EF2993489D6}
		{6DB42BD4-AB57-48DE-9155-DB6D1D707E3B} = {01FD3DA5-8525-4486-9616-7EF2993489D6}
		{BB944C10-BD6E-449F-9FA8-7147F9E178E4} = {9DDE9762-6740-4968-A1A2-533ED95DDBCF}
		{0013526A-2716-4FAE-9DEC-C1C60629C79F} = {9DDE9762-6740-4968-A1A2-533ED95DDBCF}
		{E8395A2C-B98E-4E77-BAC5-D0017E547BD4} = {9DDE9762-6740-4968-A1A2-533ED95DDBCF}
		{6E520B6D-4F27-4ED9-8136-898AF29DF3F7} = {46BC2E79-4041-4737-88B1-5565EA48D372}
		{31CA6175-2657-4BE7-B7D7-99926D554625} = {46BC2E79-4041-4737-88B1-5565EA48D372}
		{2B90655E-25A2-46D7-B14D-292500C17FA7} = {46BC2E79-4041-4737-88B1-5565EA48D372}
		{FC27410B-4A6B-4B0A-8667-290872A86608} = {69CB41BE-EF6C-43CB-BF1B-5502E6594786}
		{13E28CE8-063F-4D35-838C-EA5811AD4F57} = {69CB41BE-EF6C-43CB-BF1B-5502E6594786}
		{2575010A-23CB-46AC-B81C-CA46E441A13D} = {805D855A-B5F5-4FEC-9BA8-BB21DEE21C0E}
		{48F50E0B-6CA5-4162-8254-9932C3D10214} = {805D855A-B5F5-4FEC-9BA8-BB21DEE21C0E}
		{74131B5D-B992-449E-91B4-9826ACABAFF1} = {805D855A-B5F5-4FEC-9BA8-BB21DEE21C0E}
		{373BF11B-9EFE-49E5-8F28-8A2F91E457DA} = {436512FE-FA7E-4773-9DFC-E4FCA9E57214}
		{381616E3-4ABC-418D-A3A5-D2333430DC20} = {436512FE-FA7E-4773-9DFC-E4FCA9E57214}
		{001C6BEF-A12C-4C73-8772-62A33F7FB417} = {436512FE-FA7E-4773-9DFC-E4FCA9E57214}
		{394D3B29-D955-4F08-A97A-B2E7AF946B03} = {E4027F6E-D05D-4753-A7FB-097FCB5F088B}
		{4A8F36FB-0F36-4336-8119-DFF933F2ED4B} = {E4027F6E-D05D-4753-A7FB-097FCB5F088B}
		{08313B2A-E2B3-4D72-A240-194DE3B81AE5} = {5C4CB920-CE14-4251-9E83-51CCFECD9FE5}
		{AE3B1F98-3134-4FF9-9B5E-4CC32C316A01} = {5C4CB920-CE14-4251-9E83-51CCFECD9FE5}
		{89D9DF72-A45B-4640-B154-BF143D970291} = {5C4CB920-CE14-4251-9E83-51CCFECD9FE5}
		{9D7962FF-7F56-4633-AB50-E7B6FCA11EC3} = {E75A68B5-AFF8-4B57-8821-8CF0AB02D867}
		{34A57D2D-B8CE-441A-877C-2AB569834780} = {E75A68B5-AFF8-4B57-8821-8CF0AB02D867}
		{09DD26A9-2B74-42C8-AC8D-6694F0E8B7F3} = {E75A68B5-AFF8-4B57-8821-8CF0AB02D867}
		{7E0721AB-452C-4C0F-B22F-21931AB76450} = {CE3DD5F5-03D5-47CF-AC54-93CDBEDDCDE7}
		{392C0420-A20C-47AF-BE56-E524B50D7EF2} = {CE3DD5F5-03D5-47CF-AC54-93CDBEDDCDE7}
		{102AEDD1-EEE6-46B6-B02A-EE3E84EB6DB6} = {7B6A827C-1E43-42D8-B785-BE8E8E8EF2FD}
		{9ACCA9D8-5444-4C28-A971-5029685615E1} = {7B6A827C-1E43-42D8-B785-BE8E8E8EF2FD}
		{0D922F8D-B52A-4406-89E4-6FA96F517399} = {7B6A827C-1E43-42D8-B785-BE8E8E8EF2FD}
		{C1A379D7-8A12-477E-8490-A62EA6DC65F1} = {5A8D2520-CF08-4AAE-88AE-C4192CAFC831}
		{9106EE59-579F-4127-A375-0B60E8834C25} = {5A8D2520-CF08-4AAE-88AE-C4192CAFC831}
		{4022E6E6-8C76-462D-A9CF-F8BCE1844DB2} = {5A8D2520-CF08-4AAE-88AE-C4192CAFC831}
		{5D22C316-451F-4E41-B4AC-EAB567DC0921} = {6DB42BD4-AB57-48DE-9155-DB6D1D707E3B}
		{D3337394-9AEF-4D44-8F98-FC8CF005B364} = {6DB42BD4-AB57-48DE-9155-DB6D1D707E3B}
		{3234864E-7508-4821-A5AA-7EECF68C08E2} = {6DB42BD4-AB57-48DE-9155-DB6D1D707E3B}
		{0FDA0322-B36D-4F5C-B326-BEFCC282DB1A} = {6DB42BD4-AB57-48DE-9155-DB6D1D707E3B}
		{F56EFE26-3536-4685-A619-72D9251D7702} = {6DB42BD4-AB57-48DE-9155-DB6D1D707E3B}
	EndGlobalSection
EndGlobal
