
Microsoft Visual Studio Solution File, Format Version 12.00
Project("{FAE04EC0-301F-11D3-BF4B-00C04F79EFBC}") = "Logging", "Logging\Logging.csproj", "{92F6573D-13FB-438F-AA54-642D9F30AC69}"
EndProject
Project("{FAE04EC0-301F-11D3-BF4B-00C04F79EFBC}") = "Metrics", "Metrics\Metrics.csproj", "{2A83C9ED-7DE3-432E-B3A8-EAF8E81B6F68}"
EndProject
Project("{2150E333-8FDC-42A3-9474-1A3956D46DE8}") = "SolutionItems", "SolutionItems", "{71EFF355-58DD-4F28-87B0-537C9203F21E}"
	ProjectSection(SolutionItems) = preProject
		Plan.md = Plan.md
	EndProjectSection
EndProject
Global
	GlobalSection(SolutionConfigurationPlatforms) = preSolution
		Debug|Any CPU = Debug|Any CPU
		Release|Any CPU = Release|Any CPU
	EndGlobalSection
	GlobalSection(ProjectConfigurationPlatforms) = postSolution
		{92F6573D-13FB-438F-AA54-642D9F30AC69}.Debug|Any CPU.ActiveCfg = Debug|Any CPU
		{92F6573D-13FB-438F-AA54-642D9F30AC69}.Debug|Any CPU.Build.0 = Debug|Any CPU
		{92F6573D-13FB-438F-AA54-642D9F30AC69}.Release|Any CPU.ActiveCfg = Release|Any CPU
		{92F6573D-13FB-438F-AA54-642D9F30AC69}.Release|Any CPU.Build.0 = Release|Any CPU
		{2A83C9ED-7DE3-432E-B3A8-EAF8E81B6F68}.Debug|Any CPU.ActiveCfg = Debug|Any CPU
		{2A83C9ED-7DE3-432E-B3A8-EAF8E81B6F68}.Debug|Any CPU.Build.0 = Debug|Any CPU
		{2A83C9ED-7DE3-432E-B3A8-EAF8E81B6F68}.Release|Any CPU.ActiveCfg = Release|Any CPU
		{2A83C9ED-7DE3-432E-B3A8-EAF8E81B6F68}.Release|Any CPU.Build.0 = Release|Any CPU
	EndGlobalSection
EndGlobal
