
Microsoft Visual Studio Solution File, Format Version 12.00
Project("{FAE04EC0-301F-11D3-BF4B-00C04F79EFBC}") = "ProductItems.Terminal", "ProductItems.Terminal\ProductItems.Terminal.csproj", "{5540E5A0-5E84-4B1C-854F-D27BBFD0536A}"
EndProject
Global
	GlobalSection(SolutionConfigurationPlatforms) = preSolution
		Debug|Any CPU = Debug|Any CPU
		Release|Any CPU = Release|Any CPU
	EndGlobalSection
	GlobalSection(ProjectConfigurationPlatforms) = postSolution
		{5540E5A0-5E84-4B1C-854F-D27BBFD0536A}.Debug|Any CPU.ActiveCfg = Debug|Any CPU
		{5540E5A0-5E84-4B1C-854F-D27BBFD0536A}.Debug|Any CPU.Build.0 = Debug|Any CPU
		{5540E5A0-5E84-4B1C-854F-D27BBFD0536A}.Release|Any CPU.ActiveCfg = Release|Any CPU
		{5540E5A0-5E84-4B1C-854F-D27BBFD0536A}.Release|Any CPU.Build.0 = Release|Any CPU
	EndGlobalSection
EndGlobal
