
Microsoft Visual Studio Solution File, Format Version 12.00
Project("{FAE04EC0-301F-11D3-BF4B-00C04F79EFBC}") = "Layered.Host", "Layered.Host\Layered.Host.csproj", "{795575F8-FF34-419B-9701-06083214BF43}"
EndProject
Project("{2150E333-8FDC-42A3-9474-1A3956D46DE8}") = "SolutionItems", "SolutionItems", "{D4625227-23EF-4C3E-BF64-190EAA496CDA}"
	ProjectSection(SolutionItems) = preProject
		Plan.md = Plan.md
		..\..\..\..\Documents\Lesson 22 - Software architecture basics.pdf = ..\..\..\..\Documents\Lesson 22 - Software architecture basics.pdf
	EndProjectSection
EndProject
Project("{2150E333-8FDC-42A3-9474-1A3956D46DE8}") = "LayeredArchitecture", "LayeredArchitecture", "{8DFF36D0-01A1-46ED-8E46-1C0ABD0F8A6A}"
EndProject
Project("{FAE04EC0-301F-11D3-BF4B-00C04F79EFBC}") = "Layered.Infrastructure", "Layered.Infrastructure\Layered.Infrastructure.csproj", "{ABC3FE1D-A225-4881-8CA4-4AA0C4C0A0E6}"
EndProject
Project("{FAE04EC0-301F-11D3-BF4B-00C04F79EFBC}") = "Layered.ApplicationCore", "Layered.ApplicationCore\Layered.ApplicationCore.csproj", "{ABC3CCCB-4A44-4E0C-BDD9-5D16B263B0BE}"
EndProject
Project("{2150E333-8FDC-42A3-9474-1A3956D46DE8}") = "OnionArchitecture", "OnionArchitecture", "{99082A79-4F94-4BD1-A69B-4ED0C8961675}"
EndProject
Project("{2150E333-8FDC-42A3-9474-1A3956D46DE8}") = "CQRS", "CQRS", "{CCF56343-A6BF-4AEA-99A0-C15516E5FBFA}"
EndProject
Project("{FAE04EC0-301F-11D3-BF4B-00C04F79EFBC}") = "Layered.Api", "Layered.Api\Layered.Api.csproj", "{8A9458F7-BF63-466E-A1A7-B475166854C0}"
EndProject
Project("{FAE04EC0-301F-11D3-BF4B-00C04F79EFBC}") = "Onion.Host", "Onion.Host\Onion.Host.csproj", "{756264E7-AB2E-4A13-8B07-1BCDE42149A1}"
EndProject
Project("{FAE04EC0-301F-11D3-BF4B-00C04F79EFBC}") = "Onion.Application.Services", "Onion.Application.Services\Onion.Application.Services.csproj", "{DF5BA757-0032-4876-B3A0-610849A578A5}"
EndProject
Project("{FAE04EC0-301F-11D3-BF4B-00C04F79EFBC}") = "Onion.Persistence.Postgres", "Onion.Persistence.Postgres\Onion.Persistence.Postgres.csproj", "{BBBF23C4-264F-49DD-A97F-0A04C113A970}"
EndProject
Project("{2150E333-8FDC-42A3-9474-1A3956D46DE8}") = "Infrastructure", "Infrastructure", "{18327A4E-2DE8-47AA-962A-75802B1F938B}"
EndProject
Project("{FAE04EC0-301F-11D3-BF4B-00C04F79EFBC}") = "Onion.Api.Controllers", "Onion.Api.Controllers\Onion.Api.Controllers.csproj", "{8D2EB81F-7AC3-4A8D-934E-CF32C5375979}"
EndProject
Project("{2150E333-8FDC-42A3-9474-1A3956D46DE8}") = "Application", "Application", "{E38D3644-7EB0-410E-BE9F-BCF9C1816A7A}"
EndProject
Project("{2150E333-8FDC-42A3-9474-1A3956D46DE8}") = "Domain", "Domain", "{DCA856E7-26EC-4385-9EA4-3C6358EC5E77}"
EndProject
Project("{FAE04EC0-301F-11D3-BF4B-00C04F79EFBC}") = "Onion.Domain.Models", "Onion.Domain.Models\Onion.Domain.Models.csproj", "{CB96BE60-33A8-4A6B-A6A3-063F945BC1FB}"
EndProject
Project("{FAE04EC0-301F-11D3-BF4B-00C04F79EFBC}") = "Onion.Domain.Services", "Onion.Domain.Services\Onion.Domain.Services.csproj", "{44E52558-E59C-442F-9C2C-A0FAB8300079}"
EndProject
Project("{FAE04EC0-301F-11D3-BF4B-00C04F79EFBC}") = "Onion.Application.Models", "Onion.Application.Models\Onion.Application.Models.csproj", "{8AD6D1B0-E80E-4B51-A9C0-E13A3EE4459A}"
EndProject
Project("{FAE04EC0-301F-11D3-BF4B-00C04F79EFBC}") = "Onion.Application.Services.Abstractions", "Onion.Application.Services.Abstractions\Onion.Application.Services.Abstractions.csproj", "{F56164C4-9A51-4216-9AE0-0A0C2836DEB0}"
EndProject
Project("{FAE04EC0-301F-11D3-BF4B-00C04F79EFBC}") = "Onion.Domain.Services.Abstractions", "Onion.Domain.Services.Abstractions\Onion.Domain.Services.Abstractions.csproj", "{A79F623D-8841-45B3-944F-CAE7BF026D59}"
EndProject
Project("{2150E333-8FDC-42A3-9474-1A3956D46DE8}") = "Core", "Core", "{3862042F-AB0B-4B2C-B999-E9F106CB592A}"
EndProject
Project("{2150E333-8FDC-42A3-9474-1A3956D46DE8}") = "Infrastructure", "Infrastructure", "{86DCA2AC-6DA0-4792-B572-1AF9230E7DB0}"
EndProject
Project("{2150E333-8FDC-42A3-9474-1A3956D46DE8}") = "Features", "Features", "{A81901C6-F635-411A-A175-81C374BB9A2E}"
EndProject
Project("{FAE04EC0-301F-11D3-BF4B-00C04F79EFBC}") = "CQRS.Core.Entities", "CQRS.Core.Entities\CQRS.Core.Entities.csproj", "{7C1EC08C-C903-405A-8A88-2ACFEAD190E1}"
EndProject
Project("{FAE04EC0-301F-11D3-BF4B-00C04F79EFBC}") = "CQRS.Persistence.Postgres", "CQRS.Persistence.Postgres\CQRS.Persistence.Postgres.csproj", "{11457289-7017-4071-A6D0-A9C9355C3D69}"
EndProject
Project("{FAE04EC0-301F-11D3-BF4B-00C04F79EFBC}") = "CQRS.Api.Controllers", "CQRS.Api.Controllers\CQRS.Api.Controllers.csproj", "{90BAEFC1-F597-436F-9809-0B2CC214011D}"
EndProject
Project("{FAE04EC0-301F-11D3-BF4B-00C04F79EFBC}") = "CQRS.Host", "CQRS.Host\CQRS.Host.csproj", "{91279E1A-9B47-499D-A4B9-3B3410237910}"
EndProject
Project("{FAE04EC0-301F-11D3-BF4B-00C04F79EFBC}") = "CQRS.Features.Clients", "CQRS.Features.Clients\CQRS.Features.Clients.csproj", "{0A4EA561-57DF-469D-B7E0-801272A97F61}"
EndProject
Project("{FAE04EC0-301F-11D3-BF4B-00C04F79EFBC}") = "CQRS.Features.Tariffs", "CQRS.Features.Tariffs\CQRS.Features.Tariffs.csproj", "{31F110C5-3B73-4201-BAFB-EEF22A6D912A}"
EndProject
Project("{FAE04EC0-301F-11D3-BF4B-00C04F79EFBC}") = "CQRS.Features.Accounts", "CQRS.Features.Accounts\CQRS.Features.Accounts.csproj", "{F9924302-66C0-4074-A213-14BD31ED3410}"
EndProject
Project("{FAE04EC0-301F-11D3-BF4B-00C04F79EFBC}") = "CQRS.Features.Tickets", "CQRS.Features.Tickets\CQRS.Features.Tickets.csproj", "{6EE553AE-E326-46BC-8CAE-4DED4A4EDA27}"
EndProject
Project("{FAE04EC0-301F-11D3-BF4B-00C04F79EFBC}") = "CQRS.Features.Models", "CQRS.Features.Models\CQRS.Features.Models.csproj", "{8AF327C0-0735-497F-9811-BD73B4E597ED}"
EndProject
Global
	GlobalSection(SolutionConfigurationPlatforms) = preSolution
		Debug|Any CPU = Debug|Any CPU
		Release|Any CPU = Release|Any CPU
	EndGlobalSection
	GlobalSection(ProjectConfigurationPlatforms) = postSolution
		{795575F8-FF34-419B-9701-06083214BF43}.Debug|Any CPU.ActiveCfg = Debug|Any CPU
		{795575F8-FF34-419B-9701-06083214BF43}.Debug|Any CPU.Build.0 = Debug|Any CPU
		{795575F8-FF34-419B-9701-06083214BF43}.Release|Any CPU.ActiveCfg = Release|Any CPU
		{795575F8-FF34-419B-9701-06083214BF43}.Release|Any CPU.Build.0 = Release|Any CPU
		{ABC3FE1D-A225-4881-8CA4-4AA0C4C0A0E6}.Debug|Any CPU.ActiveCfg = Debug|Any CPU
		{ABC3FE1D-A225-4881-8CA4-4AA0C4C0A0E6}.Debug|Any CPU.Build.0 = Debug|Any CPU
		{ABC3FE1D-A225-4881-8CA4-4AA0C4C0A0E6}.Release|Any CPU.ActiveCfg = Release|Any CPU
		{ABC3FE1D-A225-4881-8CA4-4AA0C4C0A0E6}.Release|Any CPU.Build.0 = Release|Any CPU
		{ABC3CCCB-4A44-4E0C-BDD9-5D16B263B0BE}.Debug|Any CPU.ActiveCfg = Debug|Any CPU
		{ABC3CCCB-4A44-4E0C-BDD9-5D16B263B0BE}.Debug|Any CPU.Build.0 = Debug|Any CPU
		{ABC3CCCB-4A44-4E0C-BDD9-5D16B263B0BE}.Release|Any CPU.ActiveCfg = Release|Any CPU
		{ABC3CCCB-4A44-4E0C-BDD9-5D16B263B0BE}.Release|Any CPU.Build.0 = Release|Any CPU
		{8A9458F7-BF63-466E-A1A7-B475166854C0}.Debug|Any CPU.ActiveCfg = Debug|Any CPU
		{8A9458F7-BF63-466E-A1A7-B475166854C0}.Debug|Any CPU.Build.0 = Debug|Any CPU
		{8A9458F7-BF63-466E-A1A7-B475166854C0}.Release|Any CPU.ActiveCfg = Release|Any CPU
		{8A9458F7-BF63-466E-A1A7-B475166854C0}.Release|Any CPU.Build.0 = Release|Any CPU
		{756264E7-AB2E-4A13-8B07-1BCDE42149A1}.Debug|Any CPU.ActiveCfg = Debug|Any CPU
		{756264E7-AB2E-4A13-8B07-1BCDE42149A1}.Debug|Any CPU.Build.0 = Debug|Any CPU
		{756264E7-AB2E-4A13-8B07-1BCDE42149A1}.Release|Any CPU.ActiveCfg = Release|Any CPU
		{756264E7-AB2E-4A13-8B07-1BCDE42149A1}.Release|Any CPU.Build.0 = Release|Any CPU
		{DF5BA757-0032-4876-B3A0-610849A578A5}.Debug|Any CPU.ActiveCfg = Debug|Any CPU
		{DF5BA757-0032-4876-B3A0-610849A578A5}.Debug|Any CPU.Build.0 = Debug|Any CPU
		{DF5BA757-0032-4876-B3A0-610849A578A5}.Release|Any CPU.ActiveCfg = Release|Any CPU
		{DF5BA757-0032-4876-B3A0-610849A578A5}.Release|Any CPU.Build.0 = Release|Any CPU
		{BBBF23C4-264F-49DD-A97F-0A04C113A970}.Debug|Any CPU.ActiveCfg = Debug|Any CPU
		{BBBF23C4-264F-49DD-A97F-0A04C113A970}.Debug|Any CPU.Build.0 = Debug|Any CPU
		{BBBF23C4-264F-49DD-A97F-0A04C113A970}.Release|Any CPU.ActiveCfg = Release|Any CPU
		{BBBF23C4-264F-49DD-A97F-0A04C113A970}.Release|Any CPU.Build.0 = Release|Any CPU
		{8D2EB81F-7AC3-4A8D-934E-CF32C5375979}.Debug|Any CPU.ActiveCfg = Debug|Any CPU
		{8D2EB81F-7AC3-4A8D-934E-CF32C5375979}.Debug|Any CPU.Build.0 = Debug|Any CPU
		{8D2EB81F-7AC3-4A8D-934E-CF32C5375979}.Release|Any CPU.ActiveCfg = Release|Any CPU
		{8D2EB81F-7AC3-4A8D-934E-CF32C5375979}.Release|Any CPU.Build.0 = Release|Any CPU
		{CB96BE60-33A8-4A6B-A6A3-063F945BC1FB}.Debug|Any CPU.ActiveCfg = Debug|Any CPU
		{CB96BE60-33A8-4A6B-A6A3-063F945BC1FB}.Debug|Any CPU.Build.0 = Debug|Any CPU
		{CB96BE60-33A8-4A6B-A6A3-063F945BC1FB}.Release|Any CPU.ActiveCfg = Release|Any CPU
		{CB96BE60-33A8-4A6B-A6A3-063F945BC1FB}.Release|Any CPU.Build.0 = Release|Any CPU
		{44E52558-E59C-442F-9C2C-A0FAB8300079}.Debug|Any CPU.ActiveCfg = Debug|Any CPU
		{44E52558-E59C-442F-9C2C-A0FAB8300079}.Debug|Any CPU.Build.0 = Debug|Any CPU
		{44E52558-E59C-442F-9C2C-A0FAB8300079}.Release|Any CPU.ActiveCfg = Release|Any CPU
		{44E52558-E59C-442F-9C2C-A0FAB8300079}.Release|Any CPU.Build.0 = Release|Any CPU
		{8AD6D1B0-E80E-4B51-A9C0-E13A3EE4459A}.Debug|Any CPU.ActiveCfg = Debug|Any CPU
		{8AD6D1B0-E80E-4B51-A9C0-E13A3EE4459A}.Debug|Any CPU.Build.0 = Debug|Any CPU
		{8AD6D1B0-E80E-4B51-A9C0-E13A3EE4459A}.Release|Any CPU.ActiveCfg = Release|Any CPU
		{8AD6D1B0-E80E-4B51-A9C0-E13A3EE4459A}.Release|Any CPU.Build.0 = Release|Any CPU
		{F56164C4-9A51-4216-9AE0-0A0C2836DEB0}.Debug|Any CPU.ActiveCfg = Debug|Any CPU
		{F56164C4-9A51-4216-9AE0-0A0C2836DEB0}.Debug|Any CPU.Build.0 = Debug|Any CPU
		{F56164C4-9A51-4216-9AE0-0A0C2836DEB0}.Release|Any CPU.ActiveCfg = Release|Any CPU
		{F56164C4-9A51-4216-9AE0-0A0C2836DEB0}.Release|Any CPU.Build.0 = Release|Any CPU
		{A79F623D-8841-45B3-944F-CAE7BF026D59}.Debug|Any CPU.ActiveCfg = Debug|Any CPU
		{A79F623D-8841-45B3-944F-CAE7BF026D59}.Debug|Any CPU.Build.0 = Debug|Any CPU
		{A79F623D-8841-45B3-944F-CAE7BF026D59}.Release|Any CPU.ActiveCfg = Release|Any CPU
		{A79F623D-8841-45B3-944F-CAE7BF026D59}.Release|Any CPU.Build.0 = Release|Any CPU
		{7C1EC08C-C903-405A-8A88-2ACFEAD190E1}.Debug|Any CPU.ActiveCfg = Debug|Any CPU
		{7C1EC08C-C903-405A-8A88-2ACFEAD190E1}.Debug|Any CPU.Build.0 = Debug|Any CPU
		{7C1EC08C-C903-405A-8A88-2ACFEAD190E1}.Release|Any CPU.ActiveCfg = Release|Any CPU
		{7C1EC08C-C903-405A-8A88-2ACFEAD190E1}.Release|Any CPU.Build.0 = Release|Any CPU
		{11457289-7017-4071-A6D0-A9C9355C3D69}.Debug|Any CPU.ActiveCfg = Debug|Any CPU
		{11457289-7017-4071-A6D0-A9C9355C3D69}.Debug|Any CPU.Build.0 = Debug|Any CPU
		{11457289-7017-4071-A6D0-A9C9355C3D69}.Release|Any CPU.ActiveCfg = Release|Any CPU
		{11457289-7017-4071-A6D0-A9C9355C3D69}.Release|Any CPU.Build.0 = Release|Any CPU
		{90BAEFC1-F597-436F-9809-0B2CC214011D}.Debug|Any CPU.ActiveCfg = Debug|Any CPU
		{90BAEFC1-F597-436F-9809-0B2CC214011D}.Debug|Any CPU.Build.0 = Debug|Any CPU
		{90BAEFC1-F597-436F-9809-0B2CC214011D}.Release|Any CPU.ActiveCfg = Release|Any CPU
		{90BAEFC1-F597-436F-9809-0B2CC214011D}.Release|Any CPU.Build.0 = Release|Any CPU
		{91279E1A-9B47-499D-A4B9-3B3410237910}.Debug|Any CPU.ActiveCfg = Debug|Any CPU
		{91279E1A-9B47-499D-A4B9-3B3410237910}.Debug|Any CPU.Build.0 = Debug|Any CPU
		{91279E1A-9B47-499D-A4B9-3B3410237910}.Release|Any CPU.ActiveCfg = Release|Any CPU
		{91279E1A-9B47-499D-A4B9-3B3410237910}.Release|Any CPU.Build.0 = Release|Any CPU
		{0A4EA561-57DF-469D-B7E0-801272A97F61}.Debug|Any CPU.ActiveCfg = Debug|Any CPU
		{0A4EA561-57DF-469D-B7E0-801272A97F61}.Debug|Any CPU.Build.0 = Debug|Any CPU
		{0A4EA561-57DF-469D-B7E0-801272A97F61}.Release|Any CPU.ActiveCfg = Release|Any CPU
		{0A4EA561-57DF-469D-B7E0-801272A97F61}.Release|Any CPU.Build.0 = Release|Any CPU
		{31F110C5-3B73-4201-BAFB-EEF22A6D912A}.Debug|Any CPU.ActiveCfg = Debug|Any CPU
		{31F110C5-3B73-4201-BAFB-EEF22A6D912A}.Debug|Any CPU.Build.0 = Debug|Any CPU
		{31F110C5-3B73-4201-BAFB-EEF22A6D912A}.Release|Any CPU.ActiveCfg = Release|Any CPU
		{31F110C5-3B73-4201-BAFB-EEF22A6D912A}.Release|Any CPU.Build.0 = Release|Any CPU
		{F9924302-66C0-4074-A213-14BD31ED3410}.Debug|Any CPU.ActiveCfg = Debug|Any CPU
		{F9924302-66C0-4074-A213-14BD31ED3410}.Debug|Any CPU.Build.0 = Debug|Any CPU
		{F9924302-66C0-4074-A213-14BD31ED3410}.Release|Any CPU.ActiveCfg = Release|Any CPU
		{F9924302-66C0-4074-A213-14BD31ED3410}.Release|Any CPU.Build.0 = Release|Any CPU
		{6EE553AE-E326-46BC-8CAE-4DED4A4EDA27}.Debug|Any CPU.ActiveCfg = Debug|Any CPU
		{6EE553AE-E326-46BC-8CAE-4DED4A4EDA27}.Debug|Any CPU.Build.0 = Debug|Any CPU
		{6EE553AE-E326-46BC-8CAE-4DED4A4EDA27}.Release|Any CPU.ActiveCfg = Release|Any CPU
		{6EE553AE-E326-46BC-8CAE-4DED4A4EDA27}.Release|Any CPU.Build.0 = Release|Any CPU
		{8AF327C0-0735-497F-9811-BD73B4E597ED}.Debug|Any CPU.ActiveCfg = Debug|Any CPU
		{8AF327C0-0735-497F-9811-BD73B4E597ED}.Debug|Any CPU.Build.0 = Debug|Any CPU
		{8AF327C0-0735-497F-9811-BD73B4E597ED}.Release|Any CPU.ActiveCfg = Release|Any CPU
		{8AF327C0-0735-497F-9811-BD73B4E597ED}.Release|Any CPU.Build.0 = Release|Any CPU
	EndGlobalSection
	GlobalSection(NestedProjects) = preSolution
		{795575F8-FF34-419B-9701-06083214BF43} = {8DFF36D0-01A1-46ED-8E46-1C0ABD0F8A6A}
		{ABC3FE1D-A225-4881-8CA4-4AA0C4C0A0E6} = {8DFF36D0-01A1-46ED-8E46-1C0ABD0F8A6A}
		{ABC3CCCB-4A44-4E0C-BDD9-5D16B263B0BE} = {8DFF36D0-01A1-46ED-8E46-1C0ABD0F8A6A}
		{8A9458F7-BF63-466E-A1A7-B475166854C0} = {8DFF36D0-01A1-46ED-8E46-1C0ABD0F8A6A}
		{756264E7-AB2E-4A13-8B07-1BCDE42149A1} = {99082A79-4F94-4BD1-A69B-4ED0C8961675}
		{18327A4E-2DE8-47AA-962A-75802B1F938B} = {99082A79-4F94-4BD1-A69B-4ED0C8961675}
		{BBBF23C4-264F-49DD-A97F-0A04C113A970} = {18327A4E-2DE8-47AA-962A-75802B1F938B}
		{8D2EB81F-7AC3-4A8D-934E-CF32C5375979} = {18327A4E-2DE8-47AA-962A-75802B1F938B}
		{E38D3644-7EB0-410E-BE9F-BCF9C1816A7A} = {99082A79-4F94-4BD1-A69B-4ED0C8961675}
		{DCA856E7-26EC-4385-9EA4-3C6358EC5E77} = {99082A79-4F94-4BD1-A69B-4ED0C8961675}
		{DF5BA757-0032-4876-B3A0-610849A578A5} = {E38D3644-7EB0-410E-BE9F-BCF9C1816A7A}
		{CB96BE60-33A8-4A6B-A6A3-063F945BC1FB} = {DCA856E7-26EC-4385-9EA4-3C6358EC5E77}
		{44E52558-E59C-442F-9C2C-A0FAB8300079} = {DCA856E7-26EC-4385-9EA4-3C6358EC5E77}
		{8AD6D1B0-E80E-4B51-A9C0-E13A3EE4459A} = {E38D3644-7EB0-410E-BE9F-BCF9C1816A7A}
		{F56164C4-9A51-4216-9AE0-0A0C2836DEB0} = {E38D3644-7EB0-410E-BE9F-BCF9C1816A7A}
		{A79F623D-8841-45B3-944F-CAE7BF026D59} = {DCA856E7-26EC-4385-9EA4-3C6358EC5E77}
		{3862042F-AB0B-4B2C-B999-E9F106CB592A} = {CCF56343-A6BF-4AEA-99A0-C15516E5FBFA}
		{86DCA2AC-6DA0-4792-B572-1AF9230E7DB0} = {CCF56343-A6BF-4AEA-99A0-C15516E5FBFA}
		{A81901C6-F635-411A-A175-81C374BB9A2E} = {CCF56343-A6BF-4AEA-99A0-C15516E5FBFA}
		{7C1EC08C-C903-405A-8A88-2ACFEAD190E1} = {3862042F-AB0B-4B2C-B999-E9F106CB592A}
		{11457289-7017-4071-A6D0-A9C9355C3D69} = {86DCA2AC-6DA0-4792-B572-1AF9230E7DB0}
		{90BAEFC1-F597-436F-9809-0B2CC214011D} = {86DCA2AC-6DA0-4792-B572-1AF9230E7DB0}
		{91279E1A-9B47-499D-A4B9-3B3410237910} = {CCF56343-A6BF-4AEA-99A0-C15516E5FBFA}
		{0A4EA561-57DF-469D-B7E0-801272A97F61} = {A81901C6-F635-411A-A175-81C374BB9A2E}
		{31F110C5-3B73-4201-BAFB-EEF22A6D912A} = {A81901C6-F635-411A-A175-81C374BB9A2E}
		{F9924302-66C0-4074-A213-14BD31ED3410} = {A81901C6-F635-411A-A175-81C374BB9A2E}
		{6EE553AE-E326-46BC-8CAE-4DED4A4EDA27} = {A81901C6-F635-411A-A175-81C374BB9A2E}
		{8AF327C0-0735-497F-9811-BD73B4E597ED} = {A81901C6-F635-411A-A175-81C374BB9A2E}
	EndGlobalSection
EndGlobal
